
Microsoft Visual Studio Solution File, Format Version 12.00
# Visual Studio 15
VisualStudioVersion = 15.0.27004.2008
MinimumVisualStudioVersion = 10.0.40219.1
Project("{FAE04EC0-301F-11D3-BF4B-00C04F79EFBC}") = "Rating.ASP.NET Application", "ASP.NET\Rating.ASP.NET Application.csproj", "{7C670C62-3333-4008-B2DD-7AA11F8F2AB9}"
EndProject
Project("{FAE04EC0-301F-11D3-BF4B-00C04F79EFBC}") = "Rating.Objects", "Objects\Rating.Objects.csproj", "{B033A5B1-71FA-4845-802F-438F4AE47087}"
EndProject
Project("{2150E333-8FDC-42A3-9474-1A3956D46DE8}") = "Solution Items", "Solution Items", "{B08EB170-B1FA-4FBA-9BD3-6719018CA050}"
	ProjectSection(SolutionItems) = preProject
		.gitignore = .gitignore
	EndProjectSection
EndProject
Global
	GlobalSection(SolutionConfigurationPlatforms) = preSolution
		Debug|Any CPU = Debug|Any CPU
		Release|Any CPU = Release|Any CPU
	EndGlobalSection
	GlobalSection(ProjectConfigurationPlatforms) = postSolution
		{7C670C62-3333-4008-B2DD-7AA11F8F2AB9}.Debug|Any CPU.ActiveCfg = Debug|Any CPU
		{7C670C62-3333-4008-B2DD-7AA11F8F2AB9}.Debug|Any CPU.Build.0 = Debug|Any CPU
		{7C670C62-3333-4008-B2DD-7AA11F8F2AB9}.Release|Any CPU.ActiveCfg = Release|Any CPU
		{7C670C62-3333-4008-B2DD-7AA11F8F2AB9}.Release|Any CPU.Build.0 = Release|Any CPU
		{B033A5B1-71FA-4845-802F-438F4AE47087}.Debug|Any CPU.ActiveCfg = Debug|Any CPU
		{B033A5B1-71FA-4845-802F-438F4AE47087}.Debug|Any CPU.Build.0 = Debug|Any CPU
		{B033A5B1-71FA-4845-802F-438F4AE47087}.Release|Any CPU.ActiveCfg = Release|Any CPU
		{B033A5B1-71FA-4845-802F-438F4AE47087}.Release|Any CPU.Build.0 = Release|Any CPU
	EndGlobalSection
	GlobalSection(SolutionProperties) = preSolution
		HideSolutionNode = FALSE
	EndGlobalSection
	GlobalSection(ExtensibilityGlobals) = postSolution
		SolutionGuid = {86F86091-E324-4619-A733-95FFED7E5285}
	EndGlobalSection
EndGlobal
